
Microsoft Visual Studio Solution File, Format Version 12.00
# Visual Studio Version 17
VisualStudioVersion = 17.4.33122.133
MinimumVisualStudioVersion = 10.0.40219.1
Project("{FAE04EC0-301F-11D3-BF4B-00C04F79EFBC}") = "Bloggie.Web", "Bloggie.Web\Bloggie.Web.csproj", "{C5AA2456-7BEA-4DD5-A730-8D260B940A81}"
EndProject
Global
	GlobalSection(SolutionConfigurationPlatforms) = preSolution
		Debug|Any CPU = Debug|Any CPU
		Release|Any CPU = Release|Any CPU
	EndGlobalSection
	GlobalSection(ProjectConfigurationPlatforms) = postSolution
		{C5AA2456-7BEA-4DD5-A730-8D260B940A81}.Debug|Any CPU.ActiveCfg = Debug|Any CPU
		{C5AA2456-7BEA-4DD5-A730-8D260B940A81}.Debug|Any CPU.Build.0 = Debug|Any CPU
		{C5AA2456-7BEA-4DD5-A730-8D260B940A81}.Release|Any CPU.ActiveCfg = Release|Any CPU
		{C5AA2456-7BEA-4DD5-A730-8D260B940A81}.Release|Any CPU.Build.0 = Release|Any CPU
	EndGlobalSection
	GlobalSection(SolutionProperties) = preSolution
		HideSolutionNode = FALSE
	EndGlobalSection
	GlobalSection(ExtensibilityGlobals) = postSolution
		SolutionGuid = {C7464933-D113-4DEE-9719-5F1C35F0BFAB}
	EndGlobalSection
EndGlobal
